
Microsoft Visual Studio Solution File, Format Version 12.00
# Visual Studio Version 17
VisualStudioVersion = 17.5.33414.496
MinimumVisualStudioVersion = 10.0.40219.1
Project("{FAE04EC0-301F-11D3-BF4B-00C04F79EFBC}") = "Tic-Tac-Toe Game 3", "Tic-Tac-Toe Game 3\Tic-Tac-Toe Game 3.csproj", "{5DD3BD71-3226-4DF8-B098-013D337BE6C2}"
EndProject
Global
	GlobalSection(SolutionConfigurationPlatforms) = preSolution
		Debug|Any CPU = Debug|Any CPU
		Release|Any CPU = Release|Any CPU
	EndGlobalSection
	GlobalSection(ProjectConfigurationPlatforms) = postSolution
		{5DD3BD71-3226-4DF8-B098-013D337BE6C2}.Debug|Any CPU.ActiveCfg = Debug|Any CPU
		{5DD3BD71-3226-4DF8-B098-013D337BE6C2}.Debug|Any CPU.Build.0 = Debug|Any CPU
		{5DD3BD71-3226-4DF8-B098-013D337BE6C2}.Release|Any CPU.ActiveCfg = Release|Any CPU
		{5DD3BD71-3226-4DF8-B098-013D337BE6C2}.Release|Any CPU.Build.0 = Release|Any CPU
	EndGlobalSection
	GlobalSection(SolutionProperties) = preSolution
		HideSolutionNode = FALSE
	EndGlobalSection
	GlobalSection(ExtensibilityGlobals) = postSolution
		SolutionGuid = {1A8C016D-6113-477D-ACA6-F32379E8923F}
	EndGlobalSection
EndGlobal
